
Microsoft Visual Studio Solution File, Format Version 12.00
# Visual Studio Version 16
VisualStudioVersion = 16.0.31129.286
MinimumVisualStudioVersion = 10.0.40219.1
Project("{FAE04EC0-301F-11D3-BF4B-00C04F79EFBC}") = "Serilog_Demo", "Serilog_Demo\Serilog_Demo.csproj", "{622BF436-4A61-4E72-AD60-E9A0B0022B4A}"
EndProject
Global
	GlobalSection(SolutionConfigurationPlatforms) = preSolution
		Debug|Any CPU = Debug|Any CPU
		Release|Any CPU = Release|Any CPU
	EndGlobalSection
	GlobalSection(ProjectConfigurationPlatforms) = postSolution
		{622BF436-4A61-4E72-AD60-E9A0B0022B4A}.Debug|Any CPU.ActiveCfg = Debug|Any CPU
		{622BF436-4A61-4E72-AD60-E9A0B0022B4A}.Debug|Any CPU.Build.0 = Debug|Any CPU
		{622BF436-4A61-4E72-AD60-E9A0B0022B4A}.Release|Any CPU.ActiveCfg = Release|Any CPU
		{622BF436-4A61-4E72-AD60-E9A0B0022B4A}.Release|Any CPU.Build.0 = Release|Any CPU
	EndGlobalSection
	GlobalSection(SolutionProperties) = preSolution
		HideSolutionNode = FALSE
	EndGlobalSection
	GlobalSection(ExtensibilityGlobals) = postSolution
		SolutionGuid = {DF59FC8C-28FA-4FF1-B43E-60BAAC616124}
	EndGlobalSection
EndGlobal
